// !$*UTF8*$!
{
	archiveVersion = 1;
	classes = {
	};
	objectVersion = 46;
	objects = {

/* Begin PBXBuildFile section */
		A158F4271D052E49006FFD38 /* RNFetchBlobFS.m in Sources */ = {isa = PBXBuildFile; fileRef = A158F4261D052E49006FFD38 /* RNFetchBlobFS.m */; };
		A158F42D1D0535BB006FFD38 /* RNFetchBlobConst.m in Sources */ = {isa = PBXBuildFile; fileRef = A158F42C1D0535BB006FFD38 /* RNFetchBlobConst.m */; };
		A158F4301D0539DB006FFD38 /* RNFetchBlobNetwork.m in Sources */ = {isa = PBXBuildFile; fileRef = A158F42F1D0539DB006FFD38 /* RNFetchBlobNetwork.m */; };
		A15C30141CD25C330074CB35 /* RNFetchBlob.m in Sources */ = {isa = PBXBuildFile; fileRef = A15C30131CD25C330074CB35 /* RNFetchBlob.m */; };
		A166D1AA1CE0647A00273590 /* RNFetchBlob.h in Sources */ = {isa = PBXBuildFile; fileRef = A15C30111CD25C330074CB35 /* RNFetchBlob.h */; };
		A1AAE2991D300E4D0051D11C /* RNFetchBlobReqBuilder.m in Sources */ = {isa = PBXBuildFile; fileRef = A1AAE2981D300E4D0051D11C /* RNFetchBlobReqBuilder.m */; };
/* End PBXBuildFile section */

/* Begin PBXCopyFilesBuildPhase section */
		A15C300C1CD25C330074CB35 /* CopyFiles */ = {
			isa = PBXCopyFilesBuildPhase;
			buildActionMask = 2147483647;
			dstPath = "include/$(PRODUCT_NAME)";
			dstSubfolderSpec = 16;
			files = (
			);
			runOnlyForDeploymentPostprocessing = 0;
		};
/* End PBXCopyFilesBuildPhase section */

/* Begin PBXFileReference section */
		A158F4261D052E49006FFD38 /* RNFetchBlobFS.m */ = {isa = PBXFileReference; fileEncoding = 4; lastKnownFileType = sourcecode.c.objc; path = RNFetchBlobFS.m; sourceTree = "<group>"; };
		A158F4281D052E57006FFD38 /* RNFetchBlobFS.h */ = {isa = PBXFileReference; lastKnownFileType = sourcecode.c.h; path = RNFetchBlobFS.h; sourceTree = "<group>"; };
		A158F4291D0534A9006FFD38 /* RNFetchBlobConst.h */ = {isa = PBXFileReference; lastKnownFileType = sourcecode.c.h; path = RNFetchBlobConst.h; sourceTree = "<group>"; };
		A158F42C1D0535BB006FFD38 /* RNFetchBlobConst.m */ = {isa = PBXFileReference; fileEncoding = 4; lastKnownFileType = sourcecode.c.objc; path = RNFetchBlobConst.m; sourceTree = "<group>"; };
		A158F42E1D0539CE006FFD38 /* RNFetchBlobNetwork.h */ = {isa = PBXFileReference; lastKnownFileType = sourcecode.c.h; path = RNFetchBlobNetwork.h; sourceTree = "<group>"; };
		A158F42F1D0539DB006FFD38 /* RNFetchBlobNetwork.m */ = {isa = PBXFileReference; fileEncoding = 4; lastKnownFileType = sourcecode.c.objc; path = RNFetchBlobNetwork.m; sourceTree = "<group>"; };
		A15C300E1CD25C330074CB35 /* libRNFetchBlob.a */ = {isa = PBXFileReference; explicitFileType = archive.ar; includeInIndex = 0; path = libRNFetchBlob.a; sourceTree = BUILT_PRODUCTS_DIR; };
		A15C30111CD25C330074CB35 /* RNFetchBlob.h */ = {isa = PBXFileReference; lastKnownFileType = sourcecode.c.h; name = RNFetchBlob.h; path = RNFetchBlob/RNFetchBlob.h; sourceTree = "<group>"; };
		A15C30131CD25C330074CB35 /* RNFetchBlob.m */ = {isa = PBXFileReference; lastKnownFileType = sourcecode.c.objc; name = RNFetchBlob.m; path = RNFetchBlob/RNFetchBlob.m; sourceTree = "<group>"; };
		A1AAE2971D300E3E0051D11C /* RNFetchBlobReqBuilder.h */ = {isa = PBXFileReference; lastKnownFileType = sourcecode.c.h; path = RNFetchBlobReqBuilder.h; sourceTree = "<group>"; };
		A1AAE2981D300E4D0051D11C /* RNFetchBlobReqBuilder.m */ = {isa = PBXFileReference; fileEncoding = 4; lastKnownFileType = sourcecode.c.objc; path = RNFetchBlobReqBuilder.m; sourceTree = "<group>"; };
		A1F950181D7E9134002A95A6 /* IOS7Polyfill.h */ = {isa = PBXFileReference; lastKnownFileType = sourcecode.c.h; path = IOS7Polyfill.h; sourceTree = "<group>"; };
/* End PBXFileReference section */

/* Begin PBXFrameworksBuildPhase section */
		A15C300B1CD25C330074CB35 /* Frameworks */ = {
			isa = PBXFrameworksBuildPhase;
			buildActionMask = 2147483647;
			files = (
			);
			runOnlyForDeploymentPostprocessing = 0;
		};
/* End PBXFrameworksBuildPhase section */

/* Begin PBXGroup section */
		8BD9ABDFAF76406291A798F2 /* Libraries */ = {
			isa = PBXGroup;
			children = (
			);
			name = Libraries;
			sourceTree = "<group>";
		};
		A15C30051CD25C330074CB35 = {
			isa = PBXGroup;
			children = (
				A1F950181D7E9134002A95A6 /* IOS7Polyfill.h */,
				A1AAE2981D300E4D0051D11C /* RNFetchBlobReqBuilder.m */,
				A1AAE2971D300E3E0051D11C /* RNFetchBlobReqBuilder.h */,
				A158F42F1D0539DB006FFD38 /* RNFetchBlobNetwork.m */,
				A158F42E1D0539CE006FFD38 /* RNFetchBlobNetwork.h */,
				A158F42C1D0535BB006FFD38 /* RNFetchBlobConst.m */,
				A158F4291D0534A9006FFD38 /* RNFetchBlobConst.h */,
				A158F4281D052E57006FFD38 /* RNFetchBlobFS.h */,
				A158F4261D052E49006FFD38 /* RNFetchBlobFS.m */,
				A15C30111CD25C330074CB35 /* RNFetchBlob.h */,
				A15C30131CD25C330074CB35 /* RNFetchBlob.m */,
				A15C300F1CD25C330074CB35 /* Products */,
				8BD9ABDFAF76406291A798F2 /* Libraries */,
			);
			sourceTree = "<group>";
		};
		A15C300F1CD25C330074CB35 /* Products */ = {
			isa = PBXGroup;
			children = (
				A15C300E1CD25C330074CB35 /* libRNFetchBlob.a */,
			);
			name = Products;
			sourceTree = "<group>";
		};
/* End PBXGroup section */

/* Begin PBXNativeTarget section */
		A15C300D1CD25C330074CB35 /* RNFetchBlob */ = {
			isa = PBXNativeTarget;
			buildConfigurationList = A15C30171CD25C330074CB35 /* Build configuration list for PBXNativeTarget "RNFetchBlob" */;
			buildPhases = (
				A15C300A1CD25C330074CB35 /* Sources */,
				A15C300B1CD25C330074CB35 /* Frameworks */,
				A15C300C1CD25C330074CB35 /* CopyFiles */,
			);
			buildRules = (
			);
			dependencies = (
			);
			name = RNFetchBlob;
			productName = RNFetchBlob;
			productReference = A15C300E1CD25C330074CB35 /* libRNFetchBlob.a */;
			productType = "com.apple.product-type.library.static";
		};
/* End PBXNativeTarget section */

/* Begin PBXProject section */
		A15C30061CD25C330074CB35 /* Project object */ = {
			isa = PBXProject;
			attributes = {
				LastUpgradeCheck = 730;
				ORGANIZATIONNAME = wkh237.github.io;
				TargetAttributes = {
					A15C300D1CD25C330074CB35 = {
						CreatedOnToolsVersion = 7.3;
					};
				};
			};
			buildConfigurationList = A15C30091CD25C330074CB35 /* Build configuration list for PBXProject "RNFetchBlob" */;
			compatibilityVersion = "Xcode 3.2";
			developmentRegion = English;
			hasScannedForEncodings = 0;
			knownRegions = (
				en,
			);
			mainGroup = A15C30051CD25C330074CB35;
			productRefGroup = A15C300F1CD25C330074CB35 /* Products */;
			projectDirPath = "";
			projectRoot = "";
			targets = (
				A15C300D1CD25C330074CB35 /* RNFetchBlob */,
			);
		};
/* End PBXProject section */

/* Begin PBXSourcesBuildPhase section */
		A15C300A1CD25C330074CB35 /* Sources */ = {
			isa = PBXSourcesBuildPhase;
			buildActionMask = 2147483647;
			files = (
				A166D1AA1CE0647A00273590 /* RNFetchBlob.h in Sources */,
				A158F42D1D0535BB006FFD38 /* RNFetchBlobConst.m in Sources */,
				A158F4271D052E49006FFD38 /* RNFetchBlobFS.m in Sources */,
				A158F4301D0539DB006FFD38 /* RNFetchBlobNetwork.m in Sources */,
				A1AAE2991D300E4D0051D11C /* RNFetchBlobReqBuilder.m in Sources */,
				A15C30141CD25C330074CB35 /* RNFetchBlob.m in Sources */,
			);
			runOnlyForDeploymentPostprocessing = 0;
		};
/* End PBXSourcesBuildPhase section */

/* Begin XCBuildConfiguration section */
		A15C30151CD25C330074CB35 /* Debug */ = {
			isa = XCBuildConfiguration;
			buildSettings = {
				ALWAYS_SEARCH_USER_PATHS = NO;
				CLANG_ANALYZER_NONNULL = YES;
				CLANG_CXX_LANGUAGE_STANDARD = "gnu++0x";
				CLANG_CXX_LIBRARY = "libc++";
				CLANG_ENABLE_MODULES = YES;
				CLANG_ENABLE_OBJC_ARC = YES;
				CLANG_WARN_BOOL_CONVERSION = YES;
				CLANG_WARN_CONSTANT_CONVERSION = YES;
				CLANG_WARN_DIRECT_OBJC_ISA_USAGE = YES_ERROR;
				CLANG_WARN_EMPTY_BODY = YES;
				CLANG_WARN_ENUM_CONVERSION = YES;
				CLANG_WARN_INT_CONVERSION = YES;
				CLANG_WARN_OBJC_ROOT_CLASS = YES_ERROR;
				CLANG_WARN_UNREACHABLE_CODE = YES;
				CLANG_WARN__DUPLICATE_METHOD_MATCH = YES;
				"CODE_SIGN_IDENTITY[sdk=iphoneos*]" = "iPhone Developer";
				COPY_PHASE_STRIP = NO;
				DEBUG_INFORMATION_FORMAT = dwarf;
				ENABLE_STRICT_OBJC_MSGSEND = YES;
				ENABLE_TESTABILITY = YES;
				GCC_C_LANGUAGE_STANDARD = gnu99;
				GCC_DYNAMIC_NO_PIC = NO;
				GCC_NO_COMMON_BLOCKS = YES;
				GCC_OPTIMIZATION_LEVEL = 0;
				GCC_PREPROCESSOR_DEFINITIONS = (
					"DEBUG=1",
					"$(inherited)",
				);
				GCC_WARN_64_TO_32_BIT_CONVERSION = YES;
				GCC_WARN_ABOUT_RETURN_TYPE = YES_ERROR;
				GCC_WARN_UNDECLARED_SELECTOR = YES;
				GCC_WARN_UNINITIALIZED_AUTOS = YES_AGGRESSIVE;
				GCC_WARN_UNUSED_FUNCTION = YES;
				GCC_WARN_UNUSED_VARIABLE = YES;
				IPHONEOS_DEPLOYMENT_TARGET = 7.0;
				MTL_ENABLE_DEBUG_INFO = YES;
				ONLY_ACTIVE_ARCH = YES;
				SDKROOT = iphoneos;
			};
			name = Debug;
		};
		A15C30161CD25C330074CB35 /* Release */ = {
			isa = XCBuildConfiguration;
			buildSettings = {
				ALWAYS_SEARCH_USER_PATHS = NO;
				CLANG_ANALYZER_NONNULL = YES;
				CLANG_CXX_LANGUAGE_STANDARD = "gnu++0x";
				CLANG_CXX_LIBRARY = "libc++";
				CLANG_ENABLE_MODULES = YES;
				CLANG_ENABLE_OBJC_ARC = YES;
				CLANG_WARN_BOOL_CONVERSION = YES;
				CLANG_WARN_CONSTANT_CONVERSION = YES;
				CLANG_WARN_DIRECT_OBJC_ISA_USAGE = YES_ERROR;
				CLANG_WARN_EMPTY_BODY = YES;
				CLANG_WARN_ENUM_CONVERSION = YES;
				CLANG_WARN_INT_CONVERSION = YES;
				CLANG_WARN_OBJC_ROOT_CLASS = YES_ERROR;
				CLANG_WARN_UNREACHABLE_CODE = YES;
				CLANG_WARN__DUPLICATE_METHOD_MATCH = YES;
				"CODE_SIGN_IDENTITY[sdk=iphoneos*]" = "iPhone Developer";
				COPY_PHASE_STRIP = NO;
				DEBUG_INFORMATION_FORMAT = "dwarf-with-dsym";
				ENABLE_NS_ASSERTIONS = NO;
				ENABLE_STRICT_OBJC_MSGSEND = YES;
				GCC_C_LANGUAGE_STANDARD = gnu99;
				GCC_NO_COMMON_BLOCKS = YES;
				GCC_WARN_64_TO_32_BIT_CONVERSION = YES;
				GCC_WARN_ABOUT_RETURN_TYPE = YES_ERROR;
				GCC_WARN_UNDECLARED_SELECTOR = YES;
				GCC_WARN_UNINITIALIZED_AUTOS = YES_AGGRESSIVE;
				GCC_WARN_UNUSED_FUNCTION = YES;
				GCC_WARN_UNUSED_VARIABLE = YES;
				IPHONEOS_DEPLOYMENT_TARGET = 7.0;
				MTL_ENABLE_DEBUG_INFO = NO;
				SDKROOT = iphoneos;
				VALIDATE_PRODUCT = YES;
			};
			name = Release;
		};
		A15C30181CD25C330074CB35 /* Debug */ = {
			isa = XCBuildConfiguration;
			buildSettings = {
				ALWAYS_SEARCH_USER_PATHS = NO;
				GCC_INPUT_FILETYPE = automatic;
				HEADER_SEARCH_PATHS = (
					"$(inherited)",
					"$(SRCROOT)/Libraries/**",
					"$(SRCROOT)/../node_modules/react-native/React/**",
					"$(SRCROOT)/../../React/**",
					"$(SRCROOT)/../../react-native/React/**",
					"$(SRCROOT)/../../node_modules/react-native/React/**",
					"$(SRCROOT)/../../node_modules/react-native-fetch-blob/ios/RNFetchBlob",
					"$(SRCROOT)/../../RNFetchBlobTest/node_modules/react-native/**",
				);
				OTHER_LDFLAGS = "-ObjC";
				PRODUCT_NAME = "$(TARGET_NAME)";
				SKIP_INSTALL = YES;
			};
			name = Debug;
		};
		A15C30191CD25C330074CB35 /* Release */ = {
			isa = XCBuildConfiguration;
			buildSettings = {
				ALWAYS_SEARCH_USER_PATHS = NO;
				GCC_INPUT_FILETYPE = automatic;
				HEADER_SEARCH_PATHS = (
					"$(inherited)",
					"$(SRCROOT)/Libraries/**",
					"$(SRCROOT)/../node_modules/react-native/React/**",
					"$(SRCROOT)/../../React/**",
					"$(SRCROOT)/../../react-native/React/**",
					"$(SRCROOT)/../../node_modules/react-native/React/**",
					"$(SRCROOT)/../../node_modules/react-native-fetch-blob/ios/RNFetchBlob",
					"$(SRCROOT)/../../RNFetchBlobTest/node_modules/react-native/**",
				);
				OTHER_LDFLAGS = "-ObjC";
				PRODUCT_NAME = "$(TARGET_NAME)";
				SKIP_INSTALL = YES;
			};
			name = Release;
		};
/* End XCBuildConfiguration section */

/* Begin XCConfigurationList section */
		A15C30091CD25C330074CB35 /* Build configuration list for PBXProject "RNFetchBlob" */ = {
			isa = XCConfigurationList;
			buildConfigurations = (
				A15C30151CD25C330074CB35 /* Debug */,
				A15C30161CD25C330074CB35 /* Release */,
			);
			defaultConfigurationIsVisible = 0;
			defaultConfigurationName = Release;
		};
		A15C30171CD25C330074CB35 /* Build configuration list for PBXNativeTarget "RNFetchBlob" */ = {
			isa = XCConfigurationList;
			buildConfigurations = (
				A15C30181CD25C330074CB35 /* Debug */,
				A15C30191CD25C330074CB35 /* Release */,
			);
			defaultConfigurationIsVisible = 0;
			defaultConfigurationName = Release;
		};
/* End XCConfigurationList section */
	};
	rootObject = A15C30061CD25C330074CB35 /* Project object */;
}
